
Microsoft Visual Studio Solution File, Format Version 12.00
# Visual Studio Version 17
VisualStudioVersion = 17.14.35906.104
MinimumVisualStudioVersion = 10.0.40219.1
Project("{FAE04EC0-301F-11D3-BF4B-00C04F79EFBC}") = "WhisperCLI", "WhisperCLI\WhisperCLI.csproj", "{ABDEF4D5-D543-4019-8405-38B08A6E7F4F}"
EndProject
Project("{FAE04EC0-301F-11D3-BF4B-00C04F79EFBC}") = "ServerTest", "ServerTest\ServerTest.csproj", "{32E32121-A3F8-4D28-A8C8-3BB51FF32264}"
EndProject
Project("{FAE04EC0-301F-11D3-BF4B-00C04F79EFBC}") = "ClientTest", "ClientTest\ClientTest.csproj", "{A5831534-77B5-46B4-90A7-AFEE933FB5F4}"
EndProject
Global
	GlobalSection(SolutionConfigurationPlatforms) = preSolution
		Debug|Any CPU = Debug|Any CPU
		Release|Any CPU = Release|Any CPU
	EndGlobalSection
	GlobalSection(ProjectConfigurationPlatforms) = postSolution
		{ABDEF4D5-D543-4019-8405-38B08A6E7F4F}.Debug|Any CPU.ActiveCfg = Debug|Any CPU
		{ABDEF4D5-D543-4019-8405-38B08A6E7F4F}.Debug|Any CPU.Build.0 = Debug|Any CPU
		{ABDEF4D5-D543-4019-8405-38B08A6E7F4F}.Release|Any CPU.ActiveCfg = Release|Any CPU
		{ABDEF4D5-D543-4019-8405-38B08A6E7F4F}.Release|Any CPU.Build.0 = Release|Any CPU
		{32E32121-A3F8-4D28-A8C8-3BB51FF32264}.Debug|Any CPU.ActiveCfg = Debug|Any CPU
		{32E32121-A3F8-4D28-A8C8-3BB51FF32264}.Debug|Any CPU.Build.0 = Debug|Any CPU
		{32E32121-A3F8-4D28-A8C8-3BB51FF32264}.Release|Any CPU.ActiveCfg = Release|Any CPU
		{32E32121-A3F8-4D28-A8C8-3BB51FF32264}.Release|Any CPU.Build.0 = Release|Any CPU
		{A5831534-77B5-46B4-90A7-AFEE933FB5F4}.Debug|Any CPU.ActiveCfg = Debug|Any CPU
		{A5831534-77B5-46B4-90A7-AFEE933FB5F4}.Debug|Any CPU.Build.0 = Debug|Any CPU
		{A5831534-77B5-46B4-90A7-AFEE933FB5F4}.Release|Any CPU.ActiveCfg = Release|Any CPU
		{A5831534-77B5-46B4-90A7-AFEE933FB5F4}.Release|Any CPU.Build.0 = Release|Any CPU
	EndGlobalSection
	GlobalSection(SolutionProperties) = preSolution
		HideSolutionNode = FALSE
	EndGlobalSection
	GlobalSection(ExtensibilityGlobals) = postSolution
		SolutionGuid = {7045EDA8-F2E9-44B2-9FB5-C1ABC0ECE4AB}
	EndGlobalSection
EndGlobal
